
Microsoft Visual Studio Solution File, Format Version 12.00
# Visual Studio Version 16
VisualStudioVersion = 16.0.30517.126
MinimumVisualStudioVersion = 10.0.40219.1
Project("{2150E333-8FDC-42A3-9474-1A3956D46DE8}") = "Solution Items", "Solution Items", "{782B6CDA-3CC2-43C5-8025-897D3AA5BE93}"
	ProjectSection(SolutionItems) = preProject
		.editorconfig = .editorconfig
		Vmr.ruleset = Vmr.ruleset
	EndProjectSection
EndProject
Project("{9A19103F-16F7-4668-BE54-9A1E7A4F7556}") = "Vmr.Instructions", "Vmr.Instructions\Vmr.Instructions.csproj", "{5DA88351-9FB5-407C-BA7D-097A2DA153D2}"
EndProject
Project("{9A19103F-16F7-4668-BE54-9A1E7A4F7556}") = "Vmr.Instructions.Tests", "Vmr.Instructions.Tests\Vmr.Instructions.Tests.csproj", "{D34D6668-8441-4DCE-99C2-5F8055B4753A}"
EndProject
Project("{9A19103F-16F7-4668-BE54-9A1E7A4F7556}") = "Vmr.Runtime", "Vmr.Runtime\Vmr.Runtime.csproj", "{E314FCD3-8E07-434E-9B8F-08B65BA64105}"
EndProject
Project("{9A19103F-16F7-4668-BE54-9A1E7A4F7556}") = "Vmr.Runtime.Tests.Internal", "Vmr.Runtime.Tests.Internal\Vmr.Runtime.Tests.Internal.csproj", "{767FB1CC-B76E-4435-9C24-564210D0920C}"
EndProject
Project("{9A19103F-16F7-4668-BE54-9A1E7A4F7556}") = "Vmr.Cli", "Vmr.Cli\Vmr.Cli.csproj", "{2E19C381-86FE-4C87-8DF4-3CB33B1A7D26}"
EndProject
Project("{9A19103F-16F7-4668-BE54-9A1E7A4F7556}") = "Vmr.Cli.Tests.Internal", "Vmr.Cli.Tests\Vmr.Cli.Tests.Internal.csproj", "{0E365590-A399-418A-87D2-10AB765654F1}"
EndProject
Global
	GlobalSection(SolutionConfigurationPlatforms) = preSolution
		Debug|Any CPU = Debug|Any CPU
		Release|Any CPU = Release|Any CPU
	EndGlobalSection
	GlobalSection(ProjectConfigurationPlatforms) = postSolution
		{5DA88351-9FB5-407C-BA7D-097A2DA153D2}.Debug|Any CPU.ActiveCfg = Debug|Any CPU
		{5DA88351-9FB5-407C-BA7D-097A2DA153D2}.Debug|Any CPU.Build.0 = Debug|Any CPU
		{5DA88351-9FB5-407C-BA7D-097A2DA153D2}.Release|Any CPU.ActiveCfg = Release|Any CPU
		{5DA88351-9FB5-407C-BA7D-097A2DA153D2}.Release|Any CPU.Build.0 = Release|Any CPU
		{D34D6668-8441-4DCE-99C2-5F8055B4753A}.Debug|Any CPU.ActiveCfg = Debug|Any CPU
		{D34D6668-8441-4DCE-99C2-5F8055B4753A}.Debug|Any CPU.Build.0 = Debug|Any CPU
		{D34D6668-8441-4DCE-99C2-5F8055B4753A}.Release|Any CPU.ActiveCfg = Release|Any CPU
		{D34D6668-8441-4DCE-99C2-5F8055B4753A}.Release|Any CPU.Build.0 = Release|Any CPU
		{E314FCD3-8E07-434E-9B8F-08B65BA64105}.Debug|Any CPU.ActiveCfg = Debug|Any CPU
		{E314FCD3-8E07-434E-9B8F-08B65BA64105}.Debug|Any CPU.Build.0 = Debug|Any CPU
		{E314FCD3-8E07-434E-9B8F-08B65BA64105}.Release|Any CPU.ActiveCfg = Release|Any CPU
		{E314FCD3-8E07-434E-9B8F-08B65BA64105}.Release|Any CPU.Build.0 = Release|Any CPU
		{767FB1CC-B76E-4435-9C24-564210D0920C}.Debug|Any CPU.ActiveCfg = Debug|Any CPU
		{767FB1CC-B76E-4435-9C24-564210D0920C}.Debug|Any CPU.Build.0 = Debug|Any CPU
		{767FB1CC-B76E-4435-9C24-564210D0920C}.Release|Any CPU.ActiveCfg = Release|Any CPU
		{767FB1CC-B76E-4435-9C24-564210D0920C}.Release|Any CPU.Build.0 = Release|Any CPU
		{2E19C381-86FE-4C87-8DF4-3CB33B1A7D26}.Debug|Any CPU.ActiveCfg = Debug|Any CPU
		{2E19C381-86FE-4C87-8DF4-3CB33B1A7D26}.Debug|Any CPU.Build.0 = Debug|Any CPU
		{2E19C381-86FE-4C87-8DF4-3CB33B1A7D26}.Release|Any CPU.ActiveCfg = Release|Any CPU
		{2E19C381-86FE-4C87-8DF4-3CB33B1A7D26}.Release|Any CPU.Build.0 = Release|Any CPU
		{0E365590-A399-418A-87D2-10AB765654F1}.Debug|Any CPU.ActiveCfg = Debug|Any CPU
		{0E365590-A399-418A-87D2-10AB765654F1}.Debug|Any CPU.Build.0 = Debug|Any CPU
		{0E365590-A399-418A-87D2-10AB765654F1}.Release|Any CPU.ActiveCfg = Release|Any CPU
		{0E365590-A399-418A-87D2-10AB765654F1}.Release|Any CPU.Build.0 = Release|Any CPU
	EndGlobalSection
	GlobalSection(SolutionProperties) = preSolution
		HideSolutionNode = FALSE
	EndGlobalSection
	GlobalSection(ExtensibilityGlobals) = postSolution
		SolutionGuid = {B873194A-BC4A-4E11-B55A-3D16FC71F61B}
	EndGlobalSection
EndGlobal
