
Microsoft Visual Studio Solution File, Format Version 12.00
# Visual Studio Version 16
VisualStudioVersion = 16.0.30517.126
MinimumVisualStudioVersion = 10.0.40219.1
Project("{9A19103F-16F7-4668-BE54-9A1E7A4F7556}") = "Vmr.Core", "Vmr.Core\Vmr.Core.csproj", "{8F4C2482-BAE6-48F9-8DA0-59FB0C120955}"
EndProject
Project("{9A19103F-16F7-4668-BE54-9A1E7A4F7556}") = "Vmr.Interop", "Vmr.Interop\Vmr.Interop.csproj", "{A10EEB5F-5F48-445E-A859-B17C62EB01D8}"
EndProject
Project("{9A19103F-16F7-4668-BE54-9A1E7A4F7556}") = "Vmr.Cli", "Vmr.Cli\Vmr.Cli.csproj", "{3916E146-6524-4602-BE90-EFED402BA217}"
EndProject
Project("{FAE04EC0-301F-11D3-BF4B-00C04F79EFBC}") = "Vmr.Core.Tests", "Vmr.Core.Tests\Vmr.Core.Tests.csproj", "{43E9528B-3F28-4A15-BE4C-A38511789466}"
EndProject
Project("{FAE04EC0-301F-11D3-BF4B-00C04F79EFBC}") = "Vmr.Core.Tests.Internal", "Vmr.Core.Tests.Internal\Vmr.Core.Tests.Internal.csproj", "{AD421C74-B474-4A87-8025-F0961D1607C5}"
EndProject
Project("{2150E333-8FDC-42A3-9474-1A3956D46DE8}") = "Solution Items", "Solution Items", "{782B6CDA-3CC2-43C5-8025-897D3AA5BE93}"
	ProjectSection(SolutionItems) = preProject
		.editorconfig = .editorconfig
		Vmr.ruleset = Vmr.ruleset
	EndProjectSection
EndProject
Global
	GlobalSection(SolutionConfigurationPlatforms) = preSolution
		Debug|Any CPU = Debug|Any CPU
		Release|Any CPU = Release|Any CPU
	EndGlobalSection
	GlobalSection(ProjectConfigurationPlatforms) = postSolution
		{8F4C2482-BAE6-48F9-8DA0-59FB0C120955}.Debug|Any CPU.ActiveCfg = Debug|Any CPU
		{8F4C2482-BAE6-48F9-8DA0-59FB0C120955}.Debug|Any CPU.Build.0 = Debug|Any CPU
		{8F4C2482-BAE6-48F9-8DA0-59FB0C120955}.Release|Any CPU.ActiveCfg = Release|Any CPU
		{8F4C2482-BAE6-48F9-8DA0-59FB0C120955}.Release|Any CPU.Build.0 = Release|Any CPU
		{A10EEB5F-5F48-445E-A859-B17C62EB01D8}.Debug|Any CPU.ActiveCfg = Debug|Any CPU
		{A10EEB5F-5F48-445E-A859-B17C62EB01D8}.Debug|Any CPU.Build.0 = Debug|Any CPU
		{A10EEB5F-5F48-445E-A859-B17C62EB01D8}.Release|Any CPU.ActiveCfg = Release|Any CPU
		{A10EEB5F-5F48-445E-A859-B17C62EB01D8}.Release|Any CPU.Build.0 = Release|Any CPU
		{3916E146-6524-4602-BE90-EFED402BA217}.Debug|Any CPU.ActiveCfg = Debug|Any CPU
		{3916E146-6524-4602-BE90-EFED402BA217}.Debug|Any CPU.Build.0 = Debug|Any CPU
		{3916E146-6524-4602-BE90-EFED402BA217}.Release|Any CPU.ActiveCfg = Release|Any CPU
		{3916E146-6524-4602-BE90-EFED402BA217}.Release|Any CPU.Build.0 = Release|Any CPU
		{43E9528B-3F28-4A15-BE4C-A38511789466}.Debug|Any CPU.ActiveCfg = Debug|Any CPU
		{43E9528B-3F28-4A15-BE4C-A38511789466}.Debug|Any CPU.Build.0 = Debug|Any CPU
		{43E9528B-3F28-4A15-BE4C-A38511789466}.Release|Any CPU.ActiveCfg = Release|Any CPU
		{43E9528B-3F28-4A15-BE4C-A38511789466}.Release|Any CPU.Build.0 = Release|Any CPU
		{AD421C74-B474-4A87-8025-F0961D1607C5}.Debug|Any CPU.ActiveCfg = Debug|Any CPU
		{AD421C74-B474-4A87-8025-F0961D1607C5}.Debug|Any CPU.Build.0 = Debug|Any CPU
		{AD421C74-B474-4A87-8025-F0961D1607C5}.Release|Any CPU.ActiveCfg = Release|Any CPU
		{AD421C74-B474-4A87-8025-F0961D1607C5}.Release|Any CPU.Build.0 = Release|Any CPU
	EndGlobalSection
	GlobalSection(SolutionProperties) = preSolution
		HideSolutionNode = FALSE
	EndGlobalSection
	GlobalSection(ExtensibilityGlobals) = postSolution
		SolutionGuid = {B873194A-BC4A-4E11-B55A-3D16FC71F61B}
	EndGlobalSection
EndGlobal
